
Microsoft Visual Studio Solution File, Format Version 12.00
# Visual Studio Version 17
VisualStudioVersion = 17.8.34330.188
MinimumVisualStudioVersion = 10.0.40219.1
Project("{888888A0-9F3D-457C-B088-3A5042F75D52}") = "CIS261 Course Project", "CIS261 Course Project\CIS261 Course Project.pyproj", "{736D28D8-9866-4AC2-8664-164618A65A82}"
EndProject
Global
	GlobalSection(SolutionConfigurationPlatforms) = preSolution
		Debug|Any CPU = Debug|Any CPU
		Release|Any CPU = Release|Any CPU
	EndGlobalSection
	GlobalSection(ProjectConfigurationPlatforms) = postSolution
		{736D28D8-9866-4AC2-8664-164618A65A82}.Debug|Any CPU.ActiveCfg = Debug|Any CPU
		{736D28D8-9866-4AC2-8664-164618A65A82}.Release|Any CPU.ActiveCfg = Release|Any CPU
	EndGlobalSection
	GlobalSection(SolutionProperties) = preSolution
		HideSolutionNode = FALSE
	EndGlobalSection
	GlobalSection(ExtensibilityGlobals) = postSolution
		SolutionGuid = {2B64B5E8-D365-44BB-94DE-935E0DA7C441}
	EndGlobalSection
EndGlobal
